
Microsoft Visual Studio Solution File, Format Version 12.00
# Visual Studio 2012
Project("{FAE04EC0-301F-11D3-BF4B-00C04F79EFBC}") = "Texter", "Texter\Texter.csproj", "{B27AB7D4-872C-474E-B913-DE88F6E4435D}"
EndProject
Global
	GlobalSection(SolutionConfigurationPlatforms) = preSolution
		Debug|Any CPU = Debug|Any CPU
		Release|Any CPU = Release|Any CPU
	EndGlobalSection
	GlobalSection(ProjectConfigurationPlatforms) = postSolution
		{B27AB7D4-872C-474E-B913-DE88F6E4435D}.Debug|Any CPU.ActiveCfg = Debug|Any CPU
		{B27AB7D4-872C-474E-B913-DE88F6E4435D}.Debug|Any CPU.Build.0 = Debug|Any CPU
		{B27AB7D4-872C-474E-B913-DE88F6E4435D}.Release|Any CPU.ActiveCfg = Release|Any CPU
		{B27AB7D4-872C-474E-B913-DE88F6E4435D}.Release|Any CPU.Build.0 = Release|Any CPU
	EndGlobalSection
EndGlobal
